# This file is automatically @generated by Poetry and should not be changed by hand.

[[package]]
name = "anyio"
version = "3.6.2"
description = "High level compatibility layer for multiple asynchronous event loop implementations"
category = "main"
optional = false
python-versions = ">=3.6.2"
files = [
    {file = "anyio-3.6.2-py3-none-any.whl", hash = "sha256:fbbe32bd270d2a2ef3ed1c5d45041250284e31fc0a4df4a5a6071842051a51e3"},
    {file = "anyio-3.6.2.tar.gz", hash = "sha256:25ea0d673ae30af41a0c442f81cf3b38c7e79fdc7b60335a4c14e05eb0947421"},
]

[package.dependencies]
idna = ">=2.8"
sniffio = ">=1.1"

[package.extras]
doc = ["packaging", "sphinx-autodoc-typehints (>=1.2.0)", "sphinx-rtd-theme"]
test = ["contextlib2", "coverage[toml] (>=4.5)", "hypothesis (>=4.0)", "mock (>=4)", "pytest (>=7.0)", "pytest-mock (>=3.6.1)", "trustme", "uvloop (<0.15)", "uvloop (>=0.15)"]
trio = ["trio (>=0.16,<0.22)"]

[[package]]
name = "certifi"
version = "2022.12.7"
description = "Python package for providing Mozilla's CA Bundle."
category = "main"
optional = false
python-versions = ">=3.6"
files = [
    {file = "certifi-2022.12.7-py3-none-any.whl", hash = "sha256:4ad3232f5e926d6718ec31cfc1fcadfde020920e278684144551c91769c7bc18"},
    {file = "certifi-2022.12.7.tar.gz", hash = "sha256:35824b4c3a97115964b408844d64aa14db1cc518f6562e8d7261699d1350a9e3"},
]

[[package]]
name = "h11"
version = "0.14.0"
description = "A pure-Python, bring-your-own-I/O implementation of HTTP/1.1"
category = "main"
optional = false
python-versions = ">=3.7"
files = [
    {file = "h11-0.14.0-py3-none-any.whl", hash = "sha256:e3fe4ac4b851c468cc8363d500db52c2ead036020723024a109d37346efaa761"},
    {file = "h11-0.14.0.tar.gz", hash = "sha256:8f19fbbe99e72420ff35c00b27a34cb9937e902a8b810e2c88300c6f0a3b699d"},
]

[[package]]
name = "httpcore"
version = "0.17.0"
description = "A minimal low-level HTTP client."
category = "main"
optional = false
python-versions = ">=3.7"
files = [
    {file = "httpcore-0.17.0-py3-none-any.whl", hash = "sha256:0fdfea45e94f0c9fd96eab9286077f9ff788dd186635ae61b312693e4d943599"},
    {file = "httpcore-0.17.0.tar.gz", hash = "sha256:cc045a3241afbf60ce056202301b4d8b6af08845e3294055eb26b09913ef903c"},
]

[package.dependencies]
anyio = ">=3.0,<5.0"
certifi = "*"
h11 = ">=0.13,<0.15"
sniffio = ">=1.0.0,<2.0.0"

[package.extras]
http2 = ["h2 (>=3,<5)"]
socks = ["socksio (>=1.0.0,<2.0.0)"]

[[package]]
name = "httpx"
version = "0.24.0"
description = "The next generation HTTP client."
category = "main"
optional = false
python-versions = ">=3.7"
files = [
    {file = "httpx-0.24.0-py3-none-any.whl", hash = "sha256:447556b50c1921c351ea54b4fe79d91b724ed2b027462ab9a329465d147d5a4e"},
    {file = "httpx-0.24.0.tar.gz", hash = "sha256:507d676fc3e26110d41df7d35ebd8b3b8585052450f4097401c9be59d928c63e"},
]

[package.dependencies]
certifi = "*"
httpcore = ">=0.15.0,<0.18.0"
idna = "*"
sniffio = "*"

[package.extras]
brotli = ["brotli", "brotlicffi"]
cli = ["click (>=8.0.0,<9.0.0)", "pygments (>=2.0.0,<3.0.0)", "rich (>=10,<14)"]
http2 = ["h2 (>=3,<5)"]
socks = ["socksio (>=1.0.0,<2.0.0)"]

[[package]]
name = "idna"
version = "3.4"
description = "Internationalized Domain Names in Applications (IDNA)"
category = "main"
optional = false
python-versions = ">=3.5"
files = [
    {file = "idna-3.4-py3-none-any.whl", hash = "sha256:90b77e79eaa3eba6de819a0c442c0b4ceefc341a7a2ab77d7562bf49f425c5c2"},
    {file = "idna-3.4.tar.gz", hash = "sha256:814f528e8dead7d329833b91c5faa87d60bf71824cd12a7530b5526063d02cb4"},
]

[[package]]
name = "ruff"
version = "0.0.263"
description = "An extremely fast Python linter, written in Rust."
category = "dev"
optional = false
python-versions = ">=3.7"
files = [
    {file = "ruff-0.0.263-py3-none-macosx_10_7_x86_64.whl", hash = "sha256:ee6c7a77f142c427fa73e1f5f603fc1a39413a36fe6966ed0fc55e97f6921d9c"},
    {file = "ruff-0.0.263-py3-none-macosx_10_9_x86_64.macosx_11_0_arm64.macosx_10_9_universal2.whl", hash = "sha256:c3b7d4b365207f3e4c40d235127091478e595b31e35b6cd57d940920cdfae68b"},
    {file = "ruff-0.0.263-py3-none-manylinux_2_17_aarch64.manylinux2014_aarch64.whl", hash = "sha256:ebc778d95f29c9917e6e7608b2b67815707e6ab8eb5af9341617beda479c3edf"},
    {file = "ruff-0.0.263-py3-none-manylinux_2_17_armv7l.manylinux2014_armv7l.whl", hash = "sha256:4f75fa1632ea065b8f10678e7b6ae9873f84d5046bdf146990112751e98af42a"},
    {file = "ruff-0.0.263-py3-none-manylinux_2_17_i686.manylinux2014_i686.whl", hash = "sha256:ddcee0d91629a4fa4bc9faebf5b94d4615d50d1cd76d1098fa71fbe1c54f4104"},
    {file = "ruff-0.0.263-py3-none-manylinux_2_17_ppc64.manylinux2014_ppc64.whl", hash = "sha256:4010b156f2e9fa6e74b5581098467f6ff68beac48945599b3a9239481e578ab4"},
    {file = "ruff-0.0.263-py3-none-manylinux_2_17_ppc64le.manylinux2014_ppc64le.whl", hash = "sha256:15386933dd8e03aafa3186f9e996d6823105492817311338fbcb64d0ecbcd95f"},
    {file = "ruff-0.0.263-py3-none-manylinux_2_17_s390x.manylinux2014_s390x.whl", hash = "sha256:04e0b280dd246448564c892bce5607d820ad1f14944f3d535db98692e2a7ac07"},
    {file = "ruff-0.0.263-py3-none-manylinux_2_17_x86_64.manylinux2014_x86_64.whl", hash = "sha256:82c41f276106017b6f075dd2f2cc68e1a0b434cc75488f816fc98bd41982628d"},
    {file = "ruff-0.0.263-py3-none-musllinux_1_2_aarch64.whl", hash = "sha256:3e9fcee3f81129eabc75da005d839235e32d7d374f2d4c0db0c708dad4703d6e"},
    {file = "ruff-0.0.263-py3-none-musllinux_1_2_armv7l.whl", hash = "sha256:981e3c4d773f7ff52479c4fd74a65e408f1e13fa5f889b72214d400cd1299ce4"},
    {file = "ruff-0.0.263-py3-none-musllinux_1_2_i686.whl", hash = "sha256:bed1d3fba306e3f7e13ce226927b84200350e25abd1e754e06ee361c6d41de15"},
    {file = "ruff-0.0.263-py3-none-musllinux_1_2_x86_64.whl", hash = "sha256:7890499c2c3dcb1e60de2a8b4c5f5775b2bfcdff7d3e68e38db5cb2d65b12006"},
    {file = "ruff-0.0.263-py3-none-win32.whl", hash = "sha256:c2b79919ebd93674b93dfc2c843e264bf8e52fbe737467e9b58521775c85f4ad"},
    {file = "ruff-0.0.263-py3-none-win_amd64.whl", hash = "sha256:9af932f665e177de62e172901704257fd6e5bfabb95893867ff7382a851459d3"},
    {file = "ruff-0.0.263-py3-none-win_arm64.whl", hash = "sha256:ddf4503595b560bfa5fae92fa2e4cb09ec465ee4cf88cc248f10ad2e956deec3"},
    {file = "ruff-0.0.263.tar.gz", hash = "sha256:1008f211ad8aa1d998517ac5bf3d68fbc68ec516d1da89b6081f25ff2f30b687"},
]

[[package]]
name = "sniffio"
version = "1.3.0"
description = "Sniff out which async library your code is running under"
category = "main"
optional = false
python-versions = ">=3.7"
files = [
    {file = "sniffio-1.3.0-py3-none-any.whl", hash = "sha256:eecefdce1e5bbfb7ad2eeaabf7c1eeb404d7757c379bd1f7e5cce9d8bf425384"},
    {file = "sniffio-1.3.0.tar.gz", hash = "sha256:e60305c5e5d314f5389259b7f22aaa33d8f7dee49763119234af3755c55b9101"},
]

[metadata]
lock-version = "2.0"
python-versions = "^3.11"
content-hash = "d5bafd19a6a4404fcb23e551835459752b132e0828320c33102bc14512a585e6"
